
Microsoft Visual Studio Solution File, Format Version 12.00
# Visual Studio Version 17
VisualStudioVersion = 17.13.35825.156 d17.13
MinimumVisualStudioVersion = 10.0.40219.1
Project("{FAE04EC0-301F-11D3-BF4B-00C04F79EFBC}") = "NEW PROJEKAN PBO", "NEW PROJEKAN PBO\NEW PROJEKAN PBO.csproj", "{DF8DCFAC-2913-41CF-88CB-B0D9ABD002DD}"
EndProject
Global
	GlobalSection(SolutionConfigurationPlatforms) = preSolution
		Debug|Any CPU = Debug|Any CPU
		Release|Any CPU = Release|Any CPU
	EndGlobalSection
	GlobalSection(ProjectConfigurationPlatforms) = postSolution
		{DF8DCFAC-2913-41CF-88CB-B0D9ABD002DD}.Debug|Any CPU.ActiveCfg = Debug|Any CPU
		{DF8DCFAC-2913-41CF-88CB-B0D9ABD002DD}.Debug|Any CPU.Build.0 = Debug|Any CPU
		{DF8DCFAC-2913-41CF-88CB-B0D9ABD002DD}.Release|Any CPU.ActiveCfg = Release|Any CPU
		{DF8DCFAC-2913-41CF-88CB-B0D9ABD002DD}.Release|Any CPU.Build.0 = Release|Any CPU
	EndGlobalSection
	GlobalSection(SolutionProperties) = preSolution
		HideSolutionNode = FALSE
	EndGlobalSection
	GlobalSection(ExtensibilityGlobals) = postSolution
		SolutionGuid = {97F3CB29-87F0-4BA8-B270-4DC31A78C765}
	EndGlobalSection
EndGlobal
